// !$*UTF8*$!
{
	archiveVersion = 1;
	classes = {
	};
	objectVersion = 55;
	objects = {

/* Begin PBXBuildFile section */
		A9C56FCA27A0601D00C1DBFC /* HydrationAppApp.swift in Sources */ = {isa = PBXBuildFile; fileRef = A9C56FC927A0601D00C1DBFC /* HydrationAppApp.swift */; };
		A9C56FCC27A0601D00C1DBFC /* ContentView.swift in Sources */ = {isa = PBXBuildFile; fileRef = A9C56FCB27A0601D00C1DBFC /* ContentView.swift */; };
		A9C56FCE27A0601E00C1DBFC /* Assets.xcassets in Resources */ = {isa = PBXBuildFile; fileRef = A9C56FCD27A0601E00C1DBFC /* Assets.xcassets */; };
		A9C56FD127A0601E00C1DBFC /* Preview Assets.xcassets in Resources */ = {isa = PBXBuildFile; fileRef = A9C56FD027A0601E00C1DBFC /* Preview Assets.xcassets */; };
		A9C56FD927A0630800C1DBFC /* Colors.swift in Sources */ = {isa = PBXBuildFile; fileRef = A9C56FD827A0630800C1DBFC /* Colors.swift */; };
		A9C56FDB27A0640700C1DBFC /* Images.swift in Sources */ = {isa = PBXBuildFile; fileRef = A9C56FDA27A0640700C1DBFC /* Images.swift */; };
		A9C56FDE27A0683F00C1DBFC /* TodayView.swift in Sources */ = {isa = PBXBuildFile; fileRef = A9C56FDD27A0683F00C1DBFC /* TodayView.swift */; };
		A9C56FE027A068A100C1DBFC /* HistoryView.swift in Sources */ = {isa = PBXBuildFile; fileRef = A9C56FDF27A068A100C1DBFC /* HistoryView.swift */; };
		A9C56FE327A06BD600C1DBFC /* ProgressView.swift in Sources */ = {isa = PBXBuildFile; fileRef = A9C56FE227A06BD600C1DBFC /* ProgressView.swift */; };
		A9C56FE627A06F6000C1DBFC /* AccentButtonStyle.swift in Sources */ = {isa = PBXBuildFile; fileRef = A9C56FE527A06F6000C1DBFC /* AccentButtonStyle.swift */; };
		A9C56FFF27A52C7B00C1DBFC /* ProgressViewModel.swift in Sources */ = {isa = PBXBuildFile; fileRef = A9C56FFE27A52C7B00C1DBFC /* ProgressViewModel.swift */; };
		A9C5700327A52DD400C1DBFC /* UserStorageService.swift in Sources */ = {isa = PBXBuildFile; fileRef = A9C5700227A52DD400C1DBFC /* UserStorageService.swift */; };
		A9C5700527A5318900C1DBFC /* Constants.swift in Sources */ = {isa = PBXBuildFile; fileRef = A9C5700427A5318900C1DBFC /* Constants.swift */; };
		A9C5700827A5328200C1DBFC /* UserDefaults+PropertyWrapper.swift in Sources */ = {isa = PBXBuildFile; fileRef = A9C5700727A5328200C1DBFC /* UserDefaults+PropertyWrapper.swift */; };
		A9C5700B27A5355700C1DBFC /* Date+Utility.swift in Sources */ = {isa = PBXBuildFile; fileRef = A9C5700A27A5355700C1DBFC /* Date+Utility.swift */; };
		A9C5700E27A5376300C1DBFC /* SettingsView.swift in Sources */ = {isa = PBXBuildFile; fileRef = A9C5700D27A5376300C1DBFC /* SettingsView.swift */; };
		A9C5701027A53CF700C1DBFC /* SettingsCell.swift in Sources */ = {isa = PBXBuildFile; fileRef = A9C5700F27A53CF700C1DBFC /* SettingsCell.swift */; };
		A9C5701327A5465200C1DBFC /* UnitsView.swift in Sources */ = {isa = PBXBuildFile; fileRef = A9C5701227A5465200C1DBFC /* UnitsView.swift */; };
		A9C5701527A546C500C1DBFC /* UnitsCellView.swift in Sources */ = {isa = PBXBuildFile; fileRef = A9C5701427A546C500C1DBFC /* UnitsCellView.swift */; };
		A9C5701727A5494100C1DBFC /* UnitsViewModel.swift in Sources */ = {isa = PBXBuildFile; fileRef = A9C5701627A5494100C1DBFC /* UnitsViewModel.swift */; };
		A9C5701B27A5496D00C1DBFC /* Unit.swift in Sources */ = {isa = PBXBuildFile; fileRef = A9C5701A27A5496D00C1DBFC /* Unit.swift */; };
		A9C5701D27A54F9100C1DBFC /* SettingsViewModel.swift in Sources */ = {isa = PBXBuildFile; fileRef = A9C5701C27A54F9100C1DBFC /* SettingsViewModel.swift */; };
		A9C5701F27A5510100C1DBFC /* AppDelegate.swift in Sources */ = {isa = PBXBuildFile; fileRef = A9C5701E27A5510100C1DBFC /* AppDelegate.swift */; };
		A9C5702227A551DD00C1DBFC /* DailyGoalViewModel.swift in Sources */ = {isa = PBXBuildFile; fileRef = A9C5702127A551DD00C1DBFC /* DailyGoalViewModel.swift */; };
		A9C5702427A551F200C1DBFC /* DailyGoalView.swift in Sources */ = {isa = PBXBuildFile; fileRef = A9C5702327A551F200C1DBFC /* DailyGoalView.swift */; };
		A9C5702627A553EC00C1DBFC /* ButtonSettingsCell.swift in Sources */ = {isa = PBXBuildFile; fileRef = A9C5702527A553EC00C1DBFC /* ButtonSettingsCell.swift */; };
		A9C5702927A58A8000C1DBFC /* ContainerView.swift in Sources */ = {isa = PBXBuildFile; fileRef = A9C5702827A58A8000C1DBFC /* ContainerView.swift */; };
		A9C5702B27A58A8B00C1DBFC /* ContainerViewModel.swift in Sources */ = {isa = PBXBuildFile; fileRef = A9C5702A27A58A8B00C1DBFC /* ContainerViewModel.swift */; };
		A9C5702D27A58AA800C1DBFC /* Container.swift in Sources */ = {isa = PBXBuildFile; fileRef = A9C5702C27A58AA800C1DBFC /* Container.swift */; };
		A9C5703127A595AE00C1DBFC /* NotificationName+Values.swift in Sources */ = {isa = PBXBuildFile; fileRef = A9C5703027A595AE00C1DBFC /* NotificationName+Values.swift */; };
		A9C5703427A680B500C1DBFC /* BarChart in Frameworks */ = {isa = PBXBuildFile; productRef = A9C5703327A680B500C1DBFC /* BarChart */; };
		A9C5703827A682C500C1DBFC /* HistoryViewModel.swift in Sources */ = {isa = PBXBuildFile; fileRef = A9C5703727A682C500C1DBFC /* HistoryViewModel.swift */; };
		A9C5703A27A6847600C1DBFC /* SelectionLine.swift in Sources */ = {isa = PBXBuildFile; fileRef = A9C5703927A6847600C1DBFC /* SelectionLine.swift */; };
/* End PBXBuildFile section */

/* Begin PBXFileReference section */
		A9C56FC627A0601D00C1DBFC /* HydrationApp.app */ = {isa = PBXFileReference; explicitFileType = wrapper.application; includeInIndex = 0; path = HydrationApp.app; sourceTree = BUILT_PRODUCTS_DIR; };
		A9C56FC927A0601D00C1DBFC /* HydrationAppApp.swift */ = {isa = PBXFileReference; lastKnownFileType = sourcecode.swift; path = HydrationAppApp.swift; sourceTree = "<group>"; };
		A9C56FCB27A0601D00C1DBFC /* ContentView.swift */ = {isa = PBXFileReference; lastKnownFileType = sourcecode.swift; path = ContentView.swift; sourceTree = "<group>"; };
		A9C56FCD27A0601E00C1DBFC /* Assets.xcassets */ = {isa = PBXFileReference; lastKnownFileType = folder.assetcatalog; path = Assets.xcassets; sourceTree = "<group>"; };
		A9C56FD027A0601E00C1DBFC /* Preview Assets.xcassets */ = {isa = PBXFileReference; lastKnownFileType = folder.assetcatalog; path = "Preview Assets.xcassets"; sourceTree = "<group>"; };
		A9C56FD827A0630800C1DBFC /* Colors.swift */ = {isa = PBXFileReference; lastKnownFileType = sourcecode.swift; path = Colors.swift; sourceTree = "<group>"; };
		A9C56FDA27A0640700C1DBFC /* Images.swift */ = {isa = PBXFileReference; lastKnownFileType = sourcecode.swift; path = Images.swift; sourceTree = "<group>"; };
		A9C56FDD27A0683F00C1DBFC /* TodayView.swift */ = {isa = PBXFileReference; lastKnownFileType = sourcecode.swift; path = TodayView.swift; sourceTree = "<group>"; };
		A9C56FDF27A068A100C1DBFC /* HistoryView.swift */ = {isa = PBXFileReference; lastKnownFileType = sourcecode.swift; path = HistoryView.swift; sourceTree = "<group>"; };
		A9C56FE227A06BD600C1DBFC /* ProgressView.swift */ = {isa = PBXFileReference; lastKnownFileType = sourcecode.swift; path = ProgressView.swift; sourceTree = "<group>"; };
		A9C56FE527A06F6000C1DBFC /* AccentButtonStyle.swift */ = {isa = PBXFileReference; lastKnownFileType = sourcecode.swift; path = AccentButtonStyle.swift; sourceTree = "<group>"; };
		A9C56FFE27A52C7B00C1DBFC /* ProgressViewModel.swift */ = {isa = PBXFileReference; lastKnownFileType = sourcecode.swift; path = ProgressViewModel.swift; sourceTree = "<group>"; };
		A9C5700227A52DD400C1DBFC /* UserStorageService.swift */ = {isa = PBXFileReference; lastKnownFileType = sourcecode.swift; path = UserStorageService.swift; sourceTree = "<group>"; };
		A9C5700427A5318900C1DBFC /* Constants.swift */ = {isa = PBXFileReference; lastKnownFileType = sourcecode.swift; path = Constants.swift; sourceTree = "<group>"; };
		A9C5700727A5328200C1DBFC /* UserDefaults+PropertyWrapper.swift */ = {isa = PBXFileReference; lastKnownFileType = sourcecode.swift; path = "UserDefaults+PropertyWrapper.swift"; sourceTree = "<group>"; };
		A9C5700A27A5355700C1DBFC /* Date+Utility.swift */ = {isa = PBXFileReference; lastKnownFileType = sourcecode.swift; path = "Date+Utility.swift"; sourceTree = "<group>"; };
		A9C5700D27A5376300C1DBFC /* SettingsView.swift */ = {isa = PBXFileReference; lastKnownFileType = sourcecode.swift; path = SettingsView.swift; sourceTree = "<group>"; };
		A9C5700F27A53CF700C1DBFC /* SettingsCell.swift */ = {isa = PBXFileReference; lastKnownFileType = sourcecode.swift; path = SettingsCell.swift; sourceTree = "<group>"; };
		A9C5701227A5465200C1DBFC /* UnitsView.swift */ = {isa = PBXFileReference; lastKnownFileType = sourcecode.swift; path = UnitsView.swift; sourceTree = "<group>"; };
		A9C5701427A546C500C1DBFC /* UnitsCellView.swift */ = {isa = PBXFileReference; lastKnownFileType = sourcecode.swift; path = UnitsCellView.swift; sourceTree = "<group>"; };
		A9C5701627A5494100C1DBFC /* UnitsViewModel.swift */ = {isa = PBXFileReference; lastKnownFileType = sourcecode.swift; path = UnitsViewModel.swift; sourceTree = "<group>"; };
		A9C5701A27A5496D00C1DBFC /* Unit.swift */ = {isa = PBXFileReference; lastKnownFileType = sourcecode.swift; path = Unit.swift; sourceTree = "<group>"; };
		A9C5701C27A54F9100C1DBFC /* SettingsViewModel.swift */ = {isa = PBXFileReference; lastKnownFileType = sourcecode.swift; path = SettingsViewModel.swift; sourceTree = "<group>"; };
		A9C5701E27A5510100C1DBFC /* AppDelegate.swift */ = {isa = PBXFileReference; lastKnownFileType = sourcecode.swift; path = AppDelegate.swift; sourceTree = "<group>"; };
		A9C5702127A551DD00C1DBFC /* DailyGoalViewModel.swift */ = {isa = PBXFileReference; lastKnownFileType = sourcecode.swift; path = DailyGoalViewModel.swift; sourceTree = "<group>"; };
		A9C5702327A551F200C1DBFC /* DailyGoalView.swift */ = {isa = PBXFileReference; lastKnownFileType = sourcecode.swift; path = DailyGoalView.swift; sourceTree = "<group>"; };
		A9C5702527A553EC00C1DBFC /* ButtonSettingsCell.swift */ = {isa = PBXFileReference; lastKnownFileType = sourcecode.swift; path = ButtonSettingsCell.swift; sourceTree = "<group>"; };
		A9C5702827A58A8000C1DBFC /* ContainerView.swift */ = {isa = PBXFileReference; lastKnownFileType = sourcecode.swift; path = ContainerView.swift; sourceTree = "<group>"; };
		A9C5702A27A58A8B00C1DBFC /* ContainerViewModel.swift */ = {isa = PBXFileReference; lastKnownFileType = sourcecode.swift; path = ContainerViewModel.swift; sourceTree = "<group>"; };
		A9C5702C27A58AA800C1DBFC /* Container.swift */ = {isa = PBXFileReference; lastKnownFileType = sourcecode.swift; path = Container.swift; sourceTree = "<group>"; };
		A9C5703027A595AE00C1DBFC /* NotificationName+Values.swift */ = {isa = PBXFileReference; lastKnownFileType = sourcecode.swift; path = "NotificationName+Values.swift"; sourceTree = "<group>"; };
		A9C5703527A680E000C1DBFC /* Info.plist */ = {isa = PBXFileReference; lastKnownFileType = text.plist; path = Info.plist; sourceTree = "<group>"; };
		A9C5703727A682C500C1DBFC /* HistoryViewModel.swift */ = {isa = PBXFileReference; lastKnownFileType = sourcecode.swift; path = HistoryViewModel.swift; sourceTree = "<group>"; };
		A9C5703927A6847600C1DBFC /* SelectionLine.swift */ = {isa = PBXFileReference; lastKnownFileType = sourcecode.swift; path = SelectionLine.swift; sourceTree = "<group>"; };
/* End PBXFileReference section */

/* Begin PBXFrameworksBuildPhase section */
		A9C56FC327A0601D00C1DBFC /* Frameworks */ = {
			isa = PBXFrameworksBuildPhase;
			buildActionMask = 2147483647;
			files = (
				A9C5703427A680B500C1DBFC /* BarChart in Frameworks */,
			);
			runOnlyForDeploymentPostprocessing = 0;
		};
/* End PBXFrameworksBuildPhase section */

/* Begin PBXGroup section */
		A9C56FBD27A0601D00C1DBFC = {
			isa = PBXGroup;
			children = (
				A9C56FC827A0601D00C1DBFC /* HydrationApp */,
				A9C56FC727A0601D00C1DBFC /* Products */,
			);
			sourceTree = "<group>";
		};
		A9C56FC727A0601D00C1DBFC /* Products */ = {
			isa = PBXGroup;
			children = (
				A9C56FC627A0601D00C1DBFC /* HydrationApp.app */,
			);
			name = Products;
			sourceTree = "<group>";
		};
		A9C56FC827A0601D00C1DBFC /* HydrationApp */ = {
			isa = PBXGroup;
			children = (
				A9C5703527A680E000C1DBFC /* Info.plist */,
				A9C56FDC27A0682300C1DBFC /* Views */,
				A9C5700127A52DB100C1DBFC /* Logic */,
				A9C56FE427A06EED00C1DBFC /* Styles */,
				A9C56FD727A0630100C1DBFC /* Constants */,
				A9C56FC927A0601D00C1DBFC /* HydrationAppApp.swift */,
				A9C56FCD27A0601E00C1DBFC /* Assets.xcassets */,
				A9C56FCF27A0601E00C1DBFC /* Preview Content */,
				A9C5701E27A5510100C1DBFC /* AppDelegate.swift */,
			);
			path = HydrationApp;
			sourceTree = "<group>";
		};
		A9C56FCF27A0601E00C1DBFC /* Preview Content */ = {
			isa = PBXGroup;
			children = (
				A9C56FD027A0601E00C1DBFC /* Preview Assets.xcassets */,
			);
			path = "Preview Content";
			sourceTree = "<group>";
		};
		A9C56FD727A0630100C1DBFC /* Constants */ = {
			isa = PBXGroup;
			children = (
				A9C56FD827A0630800C1DBFC /* Colors.swift */,
				A9C56FDA27A0640700C1DBFC /* Images.swift */,
				A9C5700427A5318900C1DBFC /* Constants.swift */,
			);
			path = Constants;
			sourceTree = "<group>";
		};
		A9C56FDC27A0682300C1DBFC /* Views */ = {
			isa = PBXGroup;
			children = (
				A9C5703627A6822300C1DBFC /* History */,
				A9C5700C27A5375A00C1DBFC /* Settings */,
				A9C5700027A52C8100C1DBFC /* Progress */,
				A9C56FE127A06BC700C1DBFC /* Today */,
				A9C56FCB27A0601D00C1DBFC /* ContentView.swift */,
			);
			path = Views;
			sourceTree = "<group>";
		};
		A9C56FE127A06BC700C1DBFC /* Today */ = {
			isa = PBXGroup;
			children = (
				A9C56FDD27A0683F00C1DBFC /* TodayView.swift */,
			);
			path = Today;
			sourceTree = "<group>";
		};
		A9C56FE427A06EED00C1DBFC /* Styles */ = {
			isa = PBXGroup;
			children = (
				A9C56FE527A06F6000C1DBFC /* AccentButtonStyle.swift */,
			);
			path = Styles;
			sourceTree = "<group>";
		};
		A9C5700027A52C8100C1DBFC /* Progress */ = {
			isa = PBXGroup;
			children = (
				A9C56FE227A06BD600C1DBFC /* ProgressView.swift */,
				A9C56FFE27A52C7B00C1DBFC /* ProgressViewModel.swift */,
			);
			path = Progress;
			sourceTree = "<group>";
		};
		A9C5700127A52DB100C1DBFC /* Logic */ = {
			isa = PBXGroup;
			children = (
				A9C5701927A5495E00C1DBFC /* Persistance */,
				A9C5701827A5495700C1DBFC /* Models */,
				A9C5700927A5354D00C1DBFC /* Extensions */,
				A9C5700627A5326B00C1DBFC /* Utility */,
			);
			path = Logic;
			sourceTree = "<group>";
		};
		A9C5700627A5326B00C1DBFC /* Utility */ = {
			isa = PBXGroup;
			children = (
				A9C5700727A5328200C1DBFC /* UserDefaults+PropertyWrapper.swift */,
			);
			path = Utility;
			sourceTree = "<group>";
		};
		A9C5700927A5354D00C1DBFC /* Extensions */ = {
			isa = PBXGroup;
			children = (
				A9C5700A27A5355700C1DBFC /* Date+Utility.swift */,
				A9C5703027A595AE00C1DBFC /* NotificationName+Values.swift */,
			);
			path = Extensions;
			sourceTree = "<group>";
		};
		A9C5700C27A5375A00C1DBFC /* Settings */ = {
			isa = PBXGroup;
			children = (
				A9C5702727A58A7700C1DBFC /* Container */,
				A9C5702027A551B900C1DBFC /* Daily Goal */,
				A9C5701127A544DD00C1DBFC /* Units */,
				A9C5700D27A5376300C1DBFC /* SettingsView.swift */,
				A9C5702527A553EC00C1DBFC /* ButtonSettingsCell.swift */,
				A9C5700F27A53CF700C1DBFC /* SettingsCell.swift */,
				A9C5701C27A54F9100C1DBFC /* SettingsViewModel.swift */,
			);
			path = Settings;
			sourceTree = "<group>";
		};
		A9C5701127A544DD00C1DBFC /* Units */ = {
			isa = PBXGroup;
			children = (
				A9C5701427A546C500C1DBFC /* UnitsCellView.swift */,
				A9C5701227A5465200C1DBFC /* UnitsView.swift */,
				A9C5701627A5494100C1DBFC /* UnitsViewModel.swift */,
			);
			path = Units;
			sourceTree = "<group>";
		};
		A9C5701827A5495700C1DBFC /* Models */ = {
			isa = PBXGroup;
			children = (
				A9C5701A27A5496D00C1DBFC /* Unit.swift */,
				A9C5702C27A58AA800C1DBFC /* Container.swift */,
			);
			path = Models;
			sourceTree = "<group>";
		};
		A9C5701927A5495E00C1DBFC /* Persistance */ = {
			isa = PBXGroup;
			children = (
				A9C5700227A52DD400C1DBFC /* UserStorageService.swift */,
			);
			path = Persistance;
			sourceTree = "<group>";
		};
		A9C5702027A551B900C1DBFC /* Daily Goal */ = {
			isa = PBXGroup;
			children = (
				A9C5702127A551DD00C1DBFC /* DailyGoalViewModel.swift */,
				A9C5702327A551F200C1DBFC /* DailyGoalView.swift */,
			);
			path = "Daily Goal";
			sourceTree = "<group>";
		};
		A9C5702727A58A7700C1DBFC /* Container */ = {
			isa = PBXGroup;
			children = (
				A9C5702827A58A8000C1DBFC /* ContainerView.swift */,
				A9C5702A27A58A8B00C1DBFC /* ContainerViewModel.swift */,
			);
			path = Container;
			sourceTree = "<group>";
		};
		A9C5703627A6822300C1DBFC /* History */ = {
			isa = PBXGroup;
			children = (
				A9C56FDF27A068A100C1DBFC /* HistoryView.swift */,
				A9C5703727A682C500C1DBFC /* HistoryViewModel.swift */,
				A9C5703927A6847600C1DBFC /* SelectionLine.swift */,
			);
			path = History;
			sourceTree = "<group>";
		};
/* End PBXGroup section */

/* Begin PBXNativeTarget section */
		A9C56FC527A0601D00C1DBFC /* HydrationApp */ = {
			isa = PBXNativeTarget;
			buildConfigurationList = A9C56FD427A0601E00C1DBFC /* Build configuration list for PBXNativeTarget "HydrationApp" */;
			buildPhases = (
				A9C56FC227A0601D00C1DBFC /* Sources */,
				A9C56FC327A0601D00C1DBFC /* Frameworks */,
				A9C56FC427A0601D00C1DBFC /* Resources */,
			);
			buildRules = (
			);
			dependencies = (
			);
			name = HydrationApp;
			packageProductDependencies = (
				A9C5703327A680B500C1DBFC /* BarChart */,
			);
			productName = HydrationApp;
			productReference = A9C56FC627A0601D00C1DBFC /* HydrationApp.app */;
			productType = "com.apple.product-type.application";
		};
/* End PBXNativeTarget section */

/* Begin PBXProject section */
		A9C56FBE27A0601D00C1DBFC /* Project object */ = {
			isa = PBXProject;
			attributes = {
				BuildIndependentTargetsInParallel = 1;
				LastSwiftUpdateCheck = 1320;
				LastUpgradeCheck = 1320;
				TargetAttributes = {
					A9C56FC527A0601D00C1DBFC = {
						CreatedOnToolsVersion = 13.2.1;
					};
				};
			};
			buildConfigurationList = A9C56FC127A0601D00C1DBFC /* Build configuration list for PBXProject "HydrationApp" */;
			compatibilityVersion = "Xcode 13.0";
			developmentRegion = en;
			hasScannedForEncodings = 0;
			knownRegions = (
				en,
				Base,
			);
			mainGroup = A9C56FBD27A0601D00C1DBFC;
			packageReferences = (
				A9C5703227A680B500C1DBFC /* XCRemoteSwiftPackageReference "BarChart" */,
			);
			productRefGroup = A9C56FC727A0601D00C1DBFC /* Products */;
			projectDirPath = "";
			projectRoot = "";
			targets = (
				A9C56FC527A0601D00C1DBFC /* HydrationApp */,
			);
		};
/* End PBXProject section */

/* Begin PBXResourcesBuildPhase section */
		A9C56FC427A0601D00C1DBFC /* Resources */ = {
			isa = PBXResourcesBuildPhase;
			buildActionMask = 2147483647;
			files = (
				A9C56FD127A0601E00C1DBFC /* Preview Assets.xcassets in Resources */,
				A9C56FCE27A0601E00C1DBFC /* Assets.xcassets in Resources */,
			);
			runOnlyForDeploymentPostprocessing = 0;
		};
/* End PBXResourcesBuildPhase section */

/* Begin PBXSourcesBuildPhase section */
		A9C56FC227A0601D00C1DBFC /* Sources */ = {
			isa = PBXSourcesBuildPhase;
			buildActionMask = 2147483647;
			files = (
				A9C5703A27A6847600C1DBFC /* SelectionLine.swift in Sources */,
				A9C5702627A553EC00C1DBFC /* ButtonSettingsCell.swift in Sources */,
				A9C56FCC27A0601D00C1DBFC /* ContentView.swift in Sources */,
				A9C5700527A5318900C1DBFC /* Constants.swift in Sources */,
				A9C5703127A595AE00C1DBFC /* NotificationName+Values.swift in Sources */,
				A9C56FE027A068A100C1DBFC /* HistoryView.swift in Sources */,
				A9C56FDB27A0640700C1DBFC /* Images.swift in Sources */,
				A9C5701727A5494100C1DBFC /* UnitsViewModel.swift in Sources */,
				A9C5703827A682C500C1DBFC /* HistoryViewModel.swift in Sources */,
				A9C5700E27A5376300C1DBFC /* SettingsView.swift in Sources */,
				A9C5701B27A5496D00C1DBFC /* Unit.swift in Sources */,
				A9C5701527A546C500C1DBFC /* UnitsCellView.swift in Sources */,
				A9C5700B27A5355700C1DBFC /* Date+Utility.swift in Sources */,
				A9C56FFF27A52C7B00C1DBFC /* ProgressViewModel.swift in Sources */,
				A9C5702427A551F200C1DBFC /* DailyGoalView.swift in Sources */,
				A9C5700827A5328200C1DBFC /* UserDefaults+PropertyWrapper.swift in Sources */,
				A9C5700327A52DD400C1DBFC /* UserStorageService.swift in Sources */,
				A9C5701327A5465200C1DBFC /* UnitsView.swift in Sources */,
				A9C56FD927A0630800C1DBFC /* Colors.swift in Sources */,
				A9C5702D27A58AA800C1DBFC /* Container.swift in Sources */,
				A9C56FE327A06BD600C1DBFC /* ProgressView.swift in Sources */,
				A9C5701D27A54F9100C1DBFC /* SettingsViewModel.swift in Sources */,
				A9C56FE627A06F6000C1DBFC /* AccentButtonStyle.swift in Sources */,
				A9C5702227A551DD00C1DBFC /* DailyGoalViewModel.swift in Sources */,
				A9C5702B27A58A8B00C1DBFC /* ContainerViewModel.swift in Sources */,
				A9C5702927A58A8000C1DBFC /* ContainerView.swift in Sources */,
				A9C56FDE27A0683F00C1DBFC /* TodayView.swift in Sources */,
				A9C5701F27A5510100C1DBFC /* AppDelegate.swift in Sources */,
				A9C56FCA27A0601D00C1DBFC /* HydrationAppApp.swift in Sources */,
				A9C5701027A53CF700C1DBFC /* SettingsCell.swift in Sources */,
			);
			runOnlyForDeploymentPostprocessing = 0;
		};
/* End PBXSourcesBuildPhase section */

/* Begin XCBuildConfiguration section */
		A9C56FD227A0601E00C1DBFC /* Debug */ = {
			isa = XCBuildConfiguration;
			buildSettings = {
				ALWAYS_SEARCH_USER_PATHS = NO;
				CLANG_ANALYZER_NONNULL = YES;
				CLANG_ANALYZER_NUMBER_OBJECT_CONVERSION = YES_AGGRESSIVE;
				CLANG_CXX_LANGUAGE_STANDARD = "gnu++17";
				CLANG_CXX_LIBRARY = "libc++";
				CLANG_ENABLE_MODULES = YES;
				CLANG_ENABLE_OBJC_ARC = YES;
				CLANG_ENABLE_OBJC_WEAK = YES;
				CLANG_WARN_BLOCK_CAPTURE_AUTORELEASING = YES;
				CLANG_WARN_BOOL_CONVERSION = YES;
				CLANG_WARN_COMMA = YES;
				CLANG_WARN_CONSTANT_CONVERSION = YES;
				CLANG_WARN_DEPRECATED_OBJC_IMPLEMENTATIONS = YES;
				CLANG_WARN_DIRECT_OBJC_ISA_USAGE = YES_ERROR;
				CLANG_WARN_DOCUMENTATION_COMMENTS = YES;
				CLANG_WARN_EMPTY_BODY = YES;
				CLANG_WARN_ENUM_CONVERSION = YES;
				CLANG_WARN_INFINITE_RECURSION = YES;
				CLANG_WARN_INT_CONVERSION = YES;
				CLANG_WARN_NON_LITERAL_NULL_CONVERSION = YES;
				CLANG_WARN_OBJC_IMPLICIT_RETAIN_SELF = YES;
				CLANG_WARN_OBJC_LITERAL_CONVERSION = YES;
				CLANG_WARN_OBJC_ROOT_CLASS = YES_ERROR;
				CLANG_WARN_QUOTED_INCLUDE_IN_FRAMEWORK_HEADER = YES;
				CLANG_WARN_RANGE_LOOP_ANALYSIS = YES;
				CLANG_WARN_STRICT_PROTOTYPES = YES;
				CLANG_WARN_SUSPICIOUS_MOVE = YES;
				CLANG_WARN_UNGUARDED_AVAILABILITY = YES_AGGRESSIVE;
				CLANG_WARN_UNREACHABLE_CODE = YES;
				CLANG_WARN__DUPLICATE_METHOD_MATCH = YES;
				COPY_PHASE_STRIP = NO;
				DEBUG_INFORMATION_FORMAT = dwarf;
				ENABLE_STRICT_OBJC_MSGSEND = YES;
				ENABLE_TESTABILITY = YES;
				GCC_C_LANGUAGE_STANDARD = gnu11;
				GCC_DYNAMIC_NO_PIC = NO;
				GCC_NO_COMMON_BLOCKS = YES;
				GCC_OPTIMIZATION_LEVEL = 0;
				GCC_PREPROCESSOR_DEFINITIONS = (
					"DEBUG=1",
					"$(inherited)",
				);
				GCC_WARN_64_TO_32_BIT_CONVERSION = YES;
				GCC_WARN_ABOUT_RETURN_TYPE = YES_ERROR;
				GCC_WARN_UNDECLARED_SELECTOR = YES;
				GCC_WARN_UNINITIALIZED_AUTOS = YES_AGGRESSIVE;
				GCC_WARN_UNUSED_FUNCTION = YES;
				GCC_WARN_UNUSED_VARIABLE = YES;
				IPHONEOS_DEPLOYMENT_TARGET = 15.2;
				MTL_ENABLE_DEBUG_INFO = INCLUDE_SOURCE;
				MTL_FAST_MATH = YES;
				ONLY_ACTIVE_ARCH = YES;
				SDKROOT = iphoneos;
				SWIFT_ACTIVE_COMPILATION_CONDITIONS = DEBUG;
				SWIFT_OPTIMIZATION_LEVEL = "-Onone";
			};
			name = Debug;
		};
		A9C56FD327A0601E00C1DBFC /* Release */ = {
			isa = XCBuildConfiguration;
			buildSettings = {
				ALWAYS_SEARCH_USER_PATHS = NO;
				CLANG_ANALYZER_NONNULL = YES;
				CLANG_ANALYZER_NUMBER_OBJECT_CONVERSION = YES_AGGRESSIVE;
				CLANG_CXX_LANGUAGE_STANDARD = "gnu++17";
				CLANG_CXX_LIBRARY = "libc++";
				CLANG_ENABLE_MODULES = YES;
				CLANG_ENABLE_OBJC_ARC = YES;
				CLANG_ENABLE_OBJC_WEAK = YES;
				CLANG_WARN_BLOCK_CAPTURE_AUTORELEASING = YES;
				CLANG_WARN_BOOL_CONVERSION = YES;
				CLANG_WARN_COMMA = YES;
				CLANG_WARN_CONSTANT_CONVERSION = YES;
				CLANG_WARN_DEPRECATED_OBJC_IMPLEMENTATIONS = YES;
				CLANG_WARN_DIRECT_OBJC_ISA_USAGE = YES_ERROR;
				CLANG_WARN_DOCUMENTATION_COMMENTS = YES;
				CLANG_WARN_EMPTY_BODY = YES;
				CLANG_WARN_ENUM_CONVERSION = YES;
				CLANG_WARN_INFINITE_RECURSION = YES;
				CLANG_WARN_INT_CONVERSION = YES;
				CLANG_WARN_NON_LITERAL_NULL_CONVERSION = YES;
				CLANG_WARN_OBJC_IMPLICIT_RETAIN_SELF = YES;
				CLANG_WARN_OBJC_LITERAL_CONVERSION = YES;
				CLANG_WARN_OBJC_ROOT_CLASS = YES_ERROR;
				CLANG_WARN_QUOTED_INCLUDE_IN_FRAMEWORK_HEADER = YES;
				CLANG_WARN_RANGE_LOOP_ANALYSIS = YES;
				CLANG_WARN_STRICT_PROTOTYPES = YES;
				CLANG_WARN_SUSPICIOUS_MOVE = YES;
				CLANG_WARN_UNGUARDED_AVAILABILITY = YES_AGGRESSIVE;
				CLANG_WARN_UNREACHABLE_CODE = YES;
				CLANG_WARN__DUPLICATE_METHOD_MATCH = YES;
				COPY_PHASE_STRIP = NO;
				DEBUG_INFORMATION_FORMAT = "dwarf-with-dsym";
				ENABLE_NS_ASSERTIONS = NO;
				ENABLE_STRICT_OBJC_MSGSEND = YES;
				GCC_C_LANGUAGE_STANDARD = gnu11;
				GCC_NO_COMMON_BLOCKS = YES;
				GCC_WARN_64_TO_32_BIT_CONVERSION = YES;
				GCC_WARN_ABOUT_RETURN_TYPE = YES_ERROR;
				GCC_WARN_UNDECLARED_SELECTOR = YES;
				GCC_WARN_UNINITIALIZED_AUTOS = YES_AGGRESSIVE;
				GCC_WARN_UNUSED_FUNCTION = YES;
				GCC_WARN_UNUSED_VARIABLE = YES;
				IPHONEOS_DEPLOYMENT_TARGET = 15.2;
				MTL_ENABLE_DEBUG_INFO = NO;
				MTL_FAST_MATH = YES;
				SDKROOT = iphoneos;
				SWIFT_COMPILATION_MODE = wholemodule;
				SWIFT_OPTIMIZATION_LEVEL = "-O";
				VALIDATE_PRODUCT = YES;
			};
			name = Release;
		};
		A9C56FD527A0601E00C1DBFC /* Debug */ = {
			isa = XCBuildConfiguration;
			buildSettings = {
				ASSETCATALOG_COMPILER_APPICON_NAME = AppIcon;
				ASSETCATALOG_COMPILER_GLOBAL_ACCENT_COLOR_NAME = AccentColor;
				CODE_SIGN_STYLE = Automatic;
				CURRENT_PROJECT_VERSION = 1;
				DEVELOPMENT_ASSET_PATHS = "\"HydrationApp/Preview Content\"";
				DEVELOPMENT_TEAM = 5P26NUF2Q4;
				ENABLE_PREVIEWS = YES;
				GENERATE_INFOPLIST_FILE = YES;
				INFOPLIST_FILE = HydrationApp/Info.plist;
				INFOPLIST_KEY_UIApplicationSceneManifest_Generation = YES;
				INFOPLIST_KEY_UIApplicationSupportsIndirectInputEvents = YES;
				INFOPLIST_KEY_UILaunchScreen_Generation = YES;
				INFOPLIST_KEY_UISupportedInterfaceOrientations = UIInterfaceOrientationPortrait;
				INFOPLIST_KEY_UISupportedInterfaceOrientations_iPad = "UIInterfaceOrientationPortrait UIInterfaceOrientationPortraitUpsideDown UIInterfaceOrientationLandscapeLeft UIInterfaceOrientationLandscapeRight";
				INFOPLIST_KEY_UISupportedInterfaceOrientations_iPhone = "UIInterfaceOrientationPortrait UIInterfaceOrientationLandscapeLeft UIInterfaceOrientationLandscapeRight";
				IPHONEOS_DEPLOYMENT_TARGET = 13.0;
				LD_RUNPATH_SEARCH_PATHS = (
					"$(inherited)",
					"@executable_path/Frameworks",
				);
				MARKETING_VERSION = 1.0;
				PRODUCT_BUNDLE_IDENTIFIER = com.kati.HydrationApp;
				PRODUCT_NAME = "$(TARGET_NAME)";
				SWIFT_EMIT_LOC_STRINGS = YES;
				SWIFT_VERSION = 5.0;
				TARGETED_DEVICE_FAMILY = 1;
			};
			name = Debug;
		};
		A9C56FD627A0601E00C1DBFC /* Release */ = {
			isa = XCBuildConfiguration;
			buildSettings = {
				ASSETCATALOG_COMPILER_APPICON_NAME = AppIcon;
				ASSETCATALOG_COMPILER_GLOBAL_ACCENT_COLOR_NAME = AccentColor;
				CODE_SIGN_STYLE = Automatic;
				CURRENT_PROJECT_VERSION = 1;
				DEVELOPMENT_ASSET_PATHS = "\"HydrationApp/Preview Content\"";
				DEVELOPMENT_TEAM = 5P26NUF2Q4;
				ENABLE_PREVIEWS = YES;
				GENERATE_INFOPLIST_FILE = YES;
				INFOPLIST_FILE = HydrationApp/Info.plist;
				INFOPLIST_KEY_UIApplicationSceneManifest_Generation = YES;
				INFOPLIST_KEY_UIApplicationSupportsIndirectInputEvents = YES;
				INFOPLIST_KEY_UILaunchScreen_Generation = YES;
				INFOPLIST_KEY_UISupportedInterfaceOrientations = UIInterfaceOrientationPortrait;
				INFOPLIST_KEY_UISupportedInterfaceOrientations_iPad = "UIInterfaceOrientationPortrait UIInterfaceOrientationPortraitUpsideDown UIInterfaceOrientationLandscapeLeft UIInterfaceOrientationLandscapeRight";
				INFOPLIST_KEY_UISupportedInterfaceOrientations_iPhone = "UIInterfaceOrientationPortrait UIInterfaceOrientationLandscapeLeft UIInterfaceOrientationLandscapeRight";
				IPHONEOS_DEPLOYMENT_TARGET = 13.0;
				LD_RUNPATH_SEARCH_PATHS = (
					"$(inherited)",
					"@executable_path/Frameworks",
				);
				MARKETING_VERSION = 1.0;
				PRODUCT_BUNDLE_IDENTIFIER = com.kati.HydrationApp;
				PRODUCT_NAME = "$(TARGET_NAME)";
				SWIFT_EMIT_LOC_STRINGS = YES;
				SWIFT_VERSION = 5.0;
				TARGETED_DEVICE_FAMILY = 1;
			};
			name = Release;
		};
/* End XCBuildConfiguration section */

/* Begin XCConfigurationList section */
		A9C56FC127A0601D00C1DBFC /* Build configuration list for PBXProject "HydrationApp" */ = {
			isa = XCConfigurationList;
			buildConfigurations = (
				A9C56FD227A0601E00C1DBFC /* Debug */,
				A9C56FD327A0601E00C1DBFC /* Release */,
			);
			defaultConfigurationIsVisible = 0;
			defaultConfigurationName = Release;
		};
		A9C56FD427A0601E00C1DBFC /* Build configuration list for PBXNativeTarget "HydrationApp" */ = {
			isa = XCConfigurationList;
			buildConfigurations = (
				A9C56FD527A0601E00C1DBFC /* Debug */,
				A9C56FD627A0601E00C1DBFC /* Release */,
			);
			defaultConfigurationIsVisible = 0;
			defaultConfigurationName = Release;
		};
/* End XCConfigurationList section */

/* Begin XCRemoteSwiftPackageReference section */
		A9C5703227A680B500C1DBFC /* XCRemoteSwiftPackageReference "BarChart" */ = {
			isa = XCRemoteSwiftPackageReference;
			repositoryURL = "https://github.com/dawigr/BarChart";
			requirement = {
				kind = upToNextMajorVersion;
				minimumVersion = 1.0.0;
			};
		};
/* End XCRemoteSwiftPackageReference section */

/* Begin XCSwiftPackageProductDependency section */
		A9C5703327A680B500C1DBFC /* BarChart */ = {
			isa = XCSwiftPackageProductDependency;
			package = A9C5703227A680B500C1DBFC /* XCRemoteSwiftPackageReference "BarChart" */;
			productName = BarChart;
		};
/* End XCSwiftPackageProductDependency section */
	};
	rootObject = A9C56FBE27A0601D00C1DBFC /* Project object */;
}
