{
  "object": {
    "pins": [
      {
        "package": "BarChart",
        "repositoryURL": "https://github.com/dawigr/BarChart",
        "state": {
          "branch": null,
          "revision": "9de87b161763ff44f589ed4822773c174384a9a2",
          "version": "1.3.2"
        }
      }
    ]
  },
  "version": 1
}
